
Microsoft Visual Studio Solution File, Format Version 12.00
# Visual Studio Version 17
VisualStudioVersion = 17.1.32328.378
MinimumVisualStudioVersion = 10.0.40219.1
Project("{FAE04EC0-301F-11D3-BF4B-00C04F79EFBC}") = "cred_operation", "cred_operation.csproj", "{860F29EC-294F-422A-88EA-492904030F24}"
EndProject
Global
	GlobalSection(SolutionConfigurationPlatforms) = preSolution
		Debug|Any CPU = Debug|Any CPU
		Release|Any CPU = Release|Any CPU
	EndGlobalSection
	GlobalSection(ProjectConfigurationPlatforms) = postSolution
		{860F29EC-294F-422A-88EA-492904030F24}.Debug|Any CPU.ActiveCfg = Debug|Any CPU
		{860F29EC-294F-422A-88EA-492904030F24}.Debug|Any CPU.Build.0 = Debug|Any CPU
		{860F29EC-294F-422A-88EA-492904030F24}.Release|Any CPU.ActiveCfg = Release|Any CPU
		{860F29EC-294F-422A-88EA-492904030F24}.Release|Any CPU.Build.0 = Release|Any CPU
	EndGlobalSection
	GlobalSection(SolutionProperties) = preSolution
		HideSolutionNode = FALSE
	EndGlobalSection
	GlobalSection(ExtensibilityGlobals) = postSolution
		SolutionGuid = {1BC8EE1E-33D7-466D-8420-FA4D95CB230E}
	EndGlobalSection
EndGlobal
